<?xml version="1.0" encoding="utf-8"?>
<Project ToolsVersion="4.0" xmlns="http://schemas.microsoft.com/developer/msbuild/2003">
  <ItemGroup>
    <Filter Include="Public">
      <UniqueIdentifier>{93995380-89BD-4b04-88EB-625FBE52EBFB}</UniqueIdentifier>
      <Extensions>h;hh;hpp;hxx;h++;hm;inl;inc;ipp;xsd</Extensions>
    </Filter>
    <Filter Include="Private">
      <UniqueIdentifier>{4FC737F1-C7A5-4376-A066-2A32D752A2FF}</UniqueIdentifier>
      <Extensions>cpp;c;cc;cxx;c++;cppm;ixx;def;odl;idl;hpj;bat;asm;asmx</Extensions>
    </Filter>
  </ItemGroup>
  <ItemGroup>
    <ClInclude Include="Public\Engine.h">
      <Filter>Public</Filter>
    </ClInclude>
    <ClInclude Include="Public\InputManager.h">
      <Filter>Public</Filter>
    </ClInclude>
    <ClInclude Include="Public\RenderManager.h">
      <Filter>Public</Filter>
    </ClInclude>
    <ClInclude Include="Public\Shader.h">
      <Filter>Public</Filter>
    </ClInclude>
    <ClInclude Include="Public\WestEngine.h">
      <Filter>Public</Filter>
    </ClInclude>
    <ClInclude Include="Public\WindowManager.h">
      <Filter>Public</Filter>
    </ClInclude>
    <ClInclude Include="Public\VertexBuffer.h">
      <Filter>Public</Filter>
    </ClInclude>
    <ClInclude Include="Public\VertexArray.h">
      <Filter>Public</Filter>
    </ClInclude>
    <ClInclude Include="Public\Debug.h">
      <Filter>Public</Filter>
    </ClInclude>
    <ClInclude Include="Public\Texture.h">
      <Filter>Public</Filter>
    </ClInclude>
    <ClInclude Include="Public\IndexBuffer.h">
      <Filter>Public</Filter>
    </ClInclude>
    <ClInclude Include="Public\SpriteRenderer.h">
      <Filter>Public</Filter>
    </ClInclude>
    <ClInclude Include="Public\Animation.h">
      <Filter>Public</Filter>
    </ClInclude>
    <ClInclude Include="Public\IComponent.h">
      <Filter>Public</Filter>
    </ClInclude>
    <ClInclude Include="Public\Transform.h">
      <Filter>Public</Filter>
    </ClInclude>
    <ClInclude Include="Public\Gameobject.h">
      <Filter>Public</Filter>
    </ClInclude>
    <ClInclude Include="Public\SpriteRendererComponent.h">
      <Filter>Public</Filter>
    </ClInclude>
    <ClInclude Include="Public\IGameState.h">
      <Filter>Public</Filter>
    </ClInclude>
    <ClInclude Include="Public\StateManager.h">
      <Filter>Public</Filter>
    </ClInclude>
    <ClInclude Include="Public\SpriteAnimatorComponent.h">
      <Filter>Public</Filter>
    </ClInclude>
    <ClInclude Include="Public\AnimationTypes.h">
      <Filter>Public</Filter>
    </ClInclude>
    <ClInclude Include="Public\Camera2D.h">
      <Filter>Public</Filter>
    </ClInclude>
    <ClInclude Include="Public\SoundManager.h">
      <Filter>Public</Filter>
    </ClInclude>
    <ClInclude Include="Public\AudioSourceComponent.h">
      <Filter>Public</Filter>
    </ClInclude>
    <ClInclude Include="Public\RigidbodyComponent.h">
      <Filter>Public</Filter>
    </ClInclude>
    <ClInclude Include="Public\BoxColliderComponent.h">
      <Filter>Public</Filter>
    </ClInclude>
    <ClInclude Include="Public\EngineTypes.h">
      <Filter>Public</Filter>
    </ClInclude>
    <ClInclude Include="Public\PhysicsManager.h">
      <Filter>Public</Filter>
    </ClInclude>
    <ClInclude Include="Public\Utility.h">
      <Filter>Public</Filter>
    </ClInclude>
  </ItemGroup>
  <ItemGroup>
    <ClCompile Include="Private\InputManager.cpp">
      <Filter>Private</Filter>
    </ClCompile>
    <ClCompile Include="Private\RenderManager.cpp">
      <Filter>Private</Filter>
    </ClCompile>
    <ClCompile Include="Private\Shader.cpp">
      <Filter>Private</Filter>
    </ClCompile>
    <ClCompile Include="Private\WestEngine.cpp">
      <Filter>Private</Filter>
    </ClCompile>
    <ClCompile Include="Private\WindowManager.cpp">
      <Filter>Private</Filter>
    </ClCompile>
    <ClCompile Include="Private\VertexBuffer.cpp">
      <Filter>Private</Filter>
    </ClCompile>
    <ClCompile Include="Private\VertexArray.cpp">
      <Filter>Private</Filter>
    </ClCompile>
    <ClCompile Include="Private\Texture.cpp">
      <Filter>Private</Filter>
    </ClCompile>
    <ClCompile Include="Private\IndexBuffer.cpp">
      <Filter>Private</Filter>
    </ClCompile>
    <ClCompile Include="Private\SpriteRenderer.cpp">
      <Filter>Private</Filter>
    </ClCompile>
    <ClCompile Include="Private\Animation.cpp">
      <Filter>Private</Filter>
    </ClCompile>
    <ClCompile Include="Private\Transform.cpp">
      <Filter>Private</Filter>
    </ClCompile>
    <ClCompile Include="Private\GameObject.cpp">
      <Filter>Private</Filter>
    </ClCompile>
    <ClCompile Include="Private\SpriteRendererComponent.cpp">
      <Filter>Private</Filter>
    </ClCompile>
    <ClCompile Include="Private\StateManager.cpp">
      <Filter>Private</Filter>
    </ClCompile>
    <ClCompile Include="Private\SpriteAnimatorComponent.cpp">
      <Filter>Private</Filter>
    </ClCompile>
    <ClCompile Include="Private\Camera2D.cpp">
      <Filter>Private</Filter>
    </ClCompile>
    <ClCompile Include="Private\SoundManager.cpp">
      <Filter>Private</Filter>
    </ClCompile>
    <ClCompile Include="Private\AudioSourceComponent.cpp">
      <Filter>Private</Filter>
    </ClCompile>
    <ClCompile Include="Private\RigidBodyComponent.cpp">
      <Filter>Private</Filter>
    </ClCompile>
    <ClCompile Include="Private\BoxColliderComponent.cpp">
      <Filter>Private</Filter>
    </ClCompile>
    <ClCompile Include="Private\PhysicsManager.cpp">
      <Filter>Private</Filter>
    </ClCompile>
    <ClCompile Include="Private\Utility.cpp">
      <Filter>Private</Filter>
    </ClCompile>
  </ItemGroup>
</Project>